// !$*UTF8*$!
{
	archiveVersion = 1;
	classes = {
	};
	objectVersion = 70;
	objects = {

/* Begin PBXBuildFile section */
		80C436102C7E9AA30080E7FD /* FirebaseAuth in Frameworks */ = {isa = PBXBuildFile; productRef = 80C4360F2C7E9AA30080E7FD /* FirebaseAuth */; };
		80C436122C7E9AA30080E7FD /* FirebaseDatabase in Frameworks */ = {isa = PBXBuildFile; productRef = 80C436112C7E9AA30080E7FD /* FirebaseDatabase */; };
		80C436142C7E9AA30080E7FD /* FirebaseFirestore in Frameworks */ = {isa = PBXBuildFile; productRef = 80C436132C7E9AA30080E7FD /* FirebaseFirestore */; };
/* End PBXBuildFile section */

/* Begin PBXContainerItemProxy section */
		80C435F22C7E988C0080E7FD /* PBXContainerItemProxy */ = {
			isa = PBXContainerItemProxy;
			containerPortal = 80C435D62C7E988A0080E7FD /* Project object */;
			proxyType = 1;
			remoteGlobalIDString = 80C435DD2C7E988A0080E7FD;
			remoteInfo = TheTysmsforMac;
		};
		80C435FC2C7E988C0080E7FD /* PBXContainerItemProxy */ = {
			isa = PBXContainerItemProxy;
			containerPortal = 80C435D62C7E988A0080E7FD /* Project object */;
			proxyType = 1;
			remoteGlobalIDString = 80C435DD2C7E988A0080E7FD;
			remoteInfo = TheTysmsforMac;
		};
/* End PBXContainerItemProxy section */

/* Begin PBXFileReference section */
		80C435DE2C7E988A0080E7FD /* TheTysmsforMac.app */ = {isa = PBXFileReference; explicitFileType = wrapper.application; includeInIndex = 0; path = TheTysmsforMac.app; sourceTree = BUILT_PRODUCTS_DIR; };
		80C435F12C7E988C0080E7FD /* TheTysmsforMacTests.xctest */ = {isa = PBXFileReference; explicitFileType = wrapper.cfbundle; includeInIndex = 0; path = TheTysmsforMacTests.xctest; sourceTree = BUILT_PRODUCTS_DIR; };
		80C435FB2C7E988C0080E7FD /* TheTysmsforMacUITests.xctest */ = {isa = PBXFileReference; explicitFileType = wrapper.cfbundle; includeInIndex = 0; path = TheTysmsforMacUITests.xctest; sourceTree = BUILT_PRODUCTS_DIR; };
/* End PBXFileReference section */

/* Begin PBXFileSystemSynchronizedRootGroup section */
		80C435E02C7E988A0080E7FD /* TheTysmsforMac */ = {isa = PBXFileSystemSynchronizedRootGroup; explicitFileTypes = {}; explicitFolders = (); path = TheTysmsforMac; sourceTree = "<group>"; };
		80C435F42C7E988C0080E7FD /* TheTysmsforMacTests */ = {isa = PBXFileSystemSynchronizedRootGroup; explicitFileTypes = {}; explicitFolders = (); path = TheTysmsforMacTests; sourceTree = "<group>"; };
		80C435FE2C7E988C0080E7FD /* TheTysmsforMacUITests */ = {isa = PBXFileSystemSynchronizedRootGroup; explicitFileTypes = {}; explicitFolders = (); path = TheTysmsforMacUITests; sourceTree = "<group>"; };
/* End PBXFileSystemSynchronizedRootGroup section */

/* Begin PBXFrameworksBuildPhase section */
		80C435DB2C7E988A0080E7FD /* Frameworks */ = {
			isa = PBXFrameworksBuildPhase;
			buildActionMask = 2147483647;
			files = (
				80C436122C7E9AA30080E7FD /* FirebaseDatabase in Frameworks */,
				80C436102C7E9AA30080E7FD /* FirebaseAuth in Frameworks */,
				80C436142C7E9AA30080E7FD /* FirebaseFirestore in Frameworks */,
			);
			runOnlyForDeploymentPostprocessing = 0;
		};
		80C435EE2C7E988C0080E7FD /* Frameworks */ = {
			isa = PBXFrameworksBuildPhase;
			buildActionMask = 2147483647;
			files = (
			);
			runOnlyForDeploymentPostprocessing = 0;
		};
		80C435F82C7E988C0080E7FD /* Frameworks */ = {
			isa = PBXFrameworksBuildPhase;
			buildActionMask = 2147483647;
			files = (
			);
			runOnlyForDeploymentPostprocessing = 0;
		};
/* End PBXFrameworksBuildPhase section */

/* Begin PBXGroup section */
		80C435D52C7E988A0080E7FD = {
			isa = PBXGroup;
			children = (
				80C435E02C7E988A0080E7FD /* TheTysmsforMac */,
				80C435F42C7E988C0080E7FD /* TheTysmsforMacTests */,
				80C435FE2C7E988C0080E7FD /* TheTysmsforMacUITests */,
				80C435DF2C7E988A0080E7FD /* Products */,
			);
			sourceTree = "<group>";
		};
		80C435DF2C7E988A0080E7FD /* Products */ = {
			isa = PBXGroup;
			children = (
				80C435DE2C7E988A0080E7FD /* TheTysmsforMac.app */,
				80C435F12C7E988C0080E7FD /* TheTysmsforMacTests.xctest */,
				80C435FB2C7E988C0080E7FD /* TheTysmsforMacUITests.xctest */,
			);
			name = Products;
			sourceTree = "<group>";
		};
/* End PBXGroup section */

/* Begin PBXNativeTarget section */
		80C435DD2C7E988A0080E7FD /* TheTysmsforMac */ = {
			isa = PBXNativeTarget;
			buildConfigurationList = 80C436052C7E988C0080E7FD /* Build configuration list for PBXNativeTarget "TheTysmsforMac" */;
			buildPhases = (
				80C435DA2C7E988A0080E7FD /* Sources */,
				80C435DB2C7E988A0080E7FD /* Frameworks */,
				80C435DC2C7E988A0080E7FD /* Resources */,
			);
			buildRules = (
			);
			dependencies = (
			);
			fileSystemSynchronizedGroups = (
				80C435E02C7E988A0080E7FD /* TheTysmsforMac */,
			);
			name = TheTysmsforMac;
			packageProductDependencies = (
				80C4360F2C7E9AA30080E7FD /* FirebaseAuth */,
				80C436112C7E9AA30080E7FD /* FirebaseDatabase */,
				80C436132C7E9AA30080E7FD /* FirebaseFirestore */,
			);
			productName = TheTysmsforMac;
			productReference = 80C435DE2C7E988A0080E7FD /* TheTysmsforMac.app */;
			productType = "com.apple.product-type.application";
		};
		80C435F02C7E988C0080E7FD /* TheTysmsforMacTests */ = {
			isa = PBXNativeTarget;
			buildConfigurationList = 80C436082C7E988C0080E7FD /* Build configuration list for PBXNativeTarget "TheTysmsforMacTests" */;
			buildPhases = (
				80C435ED2C7E988C0080E7FD /* Sources */,
				80C435EE2C7E988C0080E7FD /* Frameworks */,
				80C435EF2C7E988C0080E7FD /* Resources */,
			);
			buildRules = (
			);
			dependencies = (
				80C435F32C7E988C0080E7FD /* PBXTargetDependency */,
			);
			fileSystemSynchronizedGroups = (
				80C435F42C7E988C0080E7FD /* TheTysmsforMacTests */,
			);
			name = TheTysmsforMacTests;
			packageProductDependencies = (
			);
			productName = TheTysmsforMacTests;
			productReference = 80C435F12C7E988C0080E7FD /* TheTysmsforMacTests.xctest */;
			productType = "com.apple.product-type.bundle.unit-test";
		};
		80C435FA2C7E988C0080E7FD /* TheTysmsforMacUITests */ = {
			isa = PBXNativeTarget;
			buildConfigurationList = 80C4360B2C7E988C0080E7FD /* Build configuration list for PBXNativeTarget "TheTysmsforMacUITests" */;
			buildPhases = (
				80C435F72C7E988C0080E7FD /* Sources */,
				80C435F82C7E988C0080E7FD /* Frameworks */,
				80C435F92C7E988C0080E7FD /* Resources */,
			);
			buildRules = (
			);
			dependencies = (
				80C435FD2C7E988C0080E7FD /* PBXTargetDependency */,
			);
			fileSystemSynchronizedGroups = (
				80C435FE2C7E988C0080E7FD /* TheTysmsforMacUITests */,
			);
			name = TheTysmsforMacUITests;
			packageProductDependencies = (
			);
			productName = TheTysmsforMacUITests;
			productReference = 80C435FB2C7E988C0080E7FD /* TheTysmsforMacUITests.xctest */;
			productType = "com.apple.product-type.bundle.ui-testing";
		};
/* End PBXNativeTarget section */

/* Begin PBXProject section */
		80C435D62C7E988A0080E7FD /* Project object */ = {
			isa = PBXProject;
			attributes = {
				BuildIndependentTargetsInParallel = 1;
				LastSwiftUpdateCheck = 1600;
				LastUpgradeCheck = 1600;
				TargetAttributes = {
					80C435DD2C7E988A0080E7FD = {
						CreatedOnToolsVersion = 16.0;
					};
					80C435F02C7E988C0080E7FD = {
						CreatedOnToolsVersion = 16.0;
						TestTargetID = 80C435DD2C7E988A0080E7FD;
					};
					80C435FA2C7E988C0080E7FD = {
						CreatedOnToolsVersion = 16.0;
						TestTargetID = 80C435DD2C7E988A0080E7FD;
					};
				};
			};
			buildConfigurationList = 80C435D92C7E988A0080E7FD /* Build configuration list for PBXProject "TheTysmsforMac" */;
			compatibilityVersion = "Xcode 15.0";
			developmentRegion = en;
			hasScannedForEncodings = 0;
			knownRegions = (
				en,
				Base,
			);
			mainGroup = 80C435D52C7E988A0080E7FD;
			packageReferences = (
				80C4360E2C7E9AA30080E7FD /* XCRemoteSwiftPackageReference "firebase-ios-sdk" */,
			);
			productRefGroup = 80C435DF2C7E988A0080E7FD /* Products */;
			projectDirPath = "";
			projectRoot = "";
			targets = (
				80C435DD2C7E988A0080E7FD /* TheTysmsforMac */,
				80C435F02C7E988C0080E7FD /* TheTysmsforMacTests */,
				80C435FA2C7E988C0080E7FD /* TheTysmsforMacUITests */,
			);
		};
/* End PBXProject section */

/* Begin PBXResourcesBuildPhase section */
		80C435DC2C7E988A0080E7FD /* Resources */ = {
			isa = PBXResourcesBuildPhase;
			buildActionMask = 2147483647;
			files = (
			);
			runOnlyForDeploymentPostprocessing = 0;
		};
		80C435EF2C7E988C0080E7FD /* Resources */ = {
			isa = PBXResourcesBuildPhase;
			buildActionMask = 2147483647;
			files = (
			);
			runOnlyForDeploymentPostprocessing = 0;
		};
		80C435F92C7E988C0080E7FD /* Resources */ = {
			isa = PBXResourcesBuildPhase;
			buildActionMask = 2147483647;
			files = (
			);
			runOnlyForDeploymentPostprocessing = 0;
		};
/* End PBXResourcesBuildPhase section */

/* Begin PBXSourcesBuildPhase section */
		80C435DA2C7E988A0080E7FD /* Sources */ = {
			isa = PBXSourcesBuildPhase;
			buildActionMask = 2147483647;
			files = (
			);
			runOnlyForDeploymentPostprocessing = 0;
		};
		80C435ED2C7E988C0080E7FD /* Sources */ = {
			isa = PBXSourcesBuildPhase;
			buildActionMask = 2147483647;
			files = (
			);
			runOnlyForDeploymentPostprocessing = 0;
		};
		80C435F72C7E988C0080E7FD /* Sources */ = {
			isa = PBXSourcesBuildPhase;
			buildActionMask = 2147483647;
			files = (
			);
			runOnlyForDeploymentPostprocessing = 0;
		};
/* End PBXSourcesBuildPhase section */

/* Begin PBXTargetDependency section */
		80C435F32C7E988C0080E7FD /* PBXTargetDependency */ = {
			isa = PBXTargetDependency;
			target = 80C435DD2C7E988A0080E7FD /* TheTysmsforMac */;
			targetProxy = 80C435F22C7E988C0080E7FD /* PBXContainerItemProxy */;
		};
		80C435FD2C7E988C0080E7FD /* PBXTargetDependency */ = {
			isa = PBXTargetDependency;
			target = 80C435DD2C7E988A0080E7FD /* TheTysmsforMac */;
			targetProxy = 80C435FC2C7E988C0080E7FD /* PBXContainerItemProxy */;
		};
/* End PBXTargetDependency section */

/* Begin XCBuildConfiguration section */
		80C436032C7E988C0080E7FD /* Debug */ = {
			isa = XCBuildConfiguration;
			buildSettings = {
				ALWAYS_SEARCH_USER_PATHS = NO;
				ASSETCATALOG_COMPILER_GENERATE_SWIFT_ASSET_SYMBOL_EXTENSIONS = YES;
				CLANG_ANALYZER_NONNULL = YES;
				CLANG_ANALYZER_NUMBER_OBJECT_CONVERSION = YES_AGGRESSIVE;
				CLANG_CXX_LANGUAGE_STANDARD = "gnu++20";
				CLANG_ENABLE_MODULES = YES;
				CLANG_ENABLE_OBJC_ARC = YES;
				CLANG_ENABLE_OBJC_WEAK = YES;
				CLANG_WARN_BLOCK_CAPTURE_AUTORELEASING = YES;
				CLANG_WARN_BOOL_CONVERSION = YES;
				CLANG_WARN_COMMA = YES;
				CLANG_WARN_CONSTANT_CONVERSION = YES;
				CLANG_WARN_DEPRECATED_OBJC_IMPLEMENTATIONS = YES;
				CLANG_WARN_DIRECT_OBJC_ISA_USAGE = YES_ERROR;
				CLANG_WARN_DOCUMENTATION_COMMENTS = YES;
				CLANG_WARN_EMPTY_BODY = YES;
				CLANG_WARN_ENUM_CONVERSION = YES;
				CLANG_WARN_INFINITE_RECURSION = YES;
				CLANG_WARN_INT_CONVERSION = YES;
				CLANG_WARN_NON_LITERAL_NULL_CONVERSION = YES;
				CLANG_WARN_OBJC_IMPLICIT_RETAIN_SELF = YES;
				CLANG_WARN_OBJC_LITERAL_CONVERSION = YES;
				CLANG_WARN_OBJC_ROOT_CLASS = YES_ERROR;
				CLANG_WARN_QUOTED_INCLUDE_IN_FRAMEWORK_HEADER = YES;
				CLANG_WARN_RANGE_LOOP_ANALYSIS = YES;
				CLANG_WARN_STRICT_PROTOTYPES = YES;
				CLANG_WARN_SUSPICIOUS_MOVE = YES;
				CLANG_WARN_UNGUARDED_AVAILABILITY = YES_AGGRESSIVE;
				CLANG_WARN_UNREACHABLE_CODE = YES;
				CLANG_WARN__DUPLICATE_METHOD_MATCH = YES;
				COPY_PHASE_STRIP = NO;
				DEBUG_INFORMATION_FORMAT = dwarf;
				ENABLE_STRICT_OBJC_MSGSEND = YES;
				ENABLE_TESTABILITY = YES;
				ENABLE_USER_SCRIPT_SANDBOXING = YES;
				GCC_C_LANGUAGE_STANDARD = gnu17;
				GCC_DYNAMIC_NO_PIC = NO;
				GCC_NO_COMMON_BLOCKS = YES;
				GCC_OPTIMIZATION_LEVEL = 0;
				GCC_PREPROCESSOR_DEFINITIONS = (
					"DEBUG=1",
					"$(inherited)",
				);
				GCC_WARN_64_TO_32_BIT_CONVERSION = YES;
				GCC_WARN_ABOUT_RETURN_TYPE = YES_ERROR;
				GCC_WARN_UNDECLARED_SELECTOR = YES;
				GCC_WARN_UNINITIALIZED_AUTOS = YES_AGGRESSIVE;
				GCC_WARN_UNUSED_FUNCTION = YES;
				GCC_WARN_UNUSED_VARIABLE = YES;
				LOCALIZATION_PREFERS_STRING_CATALOGS = YES;
				MACOSX_DEPLOYMENT_TARGET = 15.0;
				MTL_ENABLE_DEBUG_INFO = INCLUDE_SOURCE;
				MTL_FAST_MATH = YES;
				ONLY_ACTIVE_ARCH = YES;
				SDKROOT = macosx;
				SWIFT_ACTIVE_COMPILATION_CONDITIONS = "DEBUG $(inherited)";
				SWIFT_OPTIMIZATION_LEVEL = "-Onone";
			};
			name = Debug;
		};
		80C436042C7E988C0080E7FD /* Release */ = {
			isa = XCBuildConfiguration;
			buildSettings = {
				ALWAYS_SEARCH_USER_PATHS = NO;
				ASSETCATALOG_COMPILER_GENERATE_SWIFT_ASSET_SYMBOL_EXTENSIONS = YES;
				CLANG_ANALYZER_NONNULL = YES;
				CLANG_ANALYZER_NUMBER_OBJECT_CONVERSION = YES_AGGRESSIVE;
				CLANG_CXX_LANGUAGE_STANDARD = "gnu++20";
				CLANG_ENABLE_MODULES = YES;
				CLANG_ENABLE_OBJC_ARC = YES;
				CLANG_ENABLE_OBJC_WEAK = YES;
				CLANG_WARN_BLOCK_CAPTURE_AUTORELEASING = YES;
				CLANG_WARN_BOOL_CONVERSION = YES;
				CLANG_WARN_COMMA = YES;
				CLANG_WARN_CONSTANT_CONVERSION = YES;
				CLANG_WARN_DEPRECATED_OBJC_IMPLEMENTATIONS = YES;
				CLANG_WARN_DIRECT_OBJC_ISA_USAGE = YES_ERROR;
				CLANG_WARN_DOCUMENTATION_COMMENTS = YES;
				CLANG_WARN_EMPTY_BODY = YES;
				CLANG_WARN_ENUM_CONVERSION = YES;
				CLANG_WARN_INFINITE_RECURSION = YES;
				CLANG_WARN_INT_CONVERSION = YES;
				CLANG_WARN_NON_LITERAL_NULL_CONVERSION = YES;
				CLANG_WARN_OBJC_IMPLICIT_RETAIN_SELF = YES;
				CLANG_WARN_OBJC_LITERAL_CONVERSION = YES;
				CLANG_WARN_OBJC_ROOT_CLASS = YES_ERROR;
				CLANG_WARN_QUOTED_INCLUDE_IN_FRAMEWORK_HEADER = YES;
				CLANG_WARN_RANGE_LOOP_ANALYSIS = YES;
				CLANG_WARN_STRICT_PROTOTYPES = YES;
				CLANG_WARN_SUSPICIOUS_MOVE = YES;
				CLANG_WARN_UNGUARDED_AVAILABILITY = YES_AGGRESSIVE;
				CLANG_WARN_UNREACHABLE_CODE = YES;
				CLANG_WARN__DUPLICATE_METHOD_MATCH = YES;
				COPY_PHASE_STRIP = NO;
				DEBUG_INFORMATION_FORMAT = "dwarf-with-dsym";
				ENABLE_NS_ASSERTIONS = NO;
				ENABLE_STRICT_OBJC_MSGSEND = YES;
				ENABLE_USER_SCRIPT_SANDBOXING = YES;
				GCC_C_LANGUAGE_STANDARD = gnu17;
				GCC_NO_COMMON_BLOCKS = YES;
				GCC_WARN_64_TO_32_BIT_CONVERSION = YES;
				GCC_WARN_ABOUT_RETURN_TYPE = YES_ERROR;
				GCC_WARN_UNDECLARED_SELECTOR = YES;
				GCC_WARN_UNINITIALIZED_AUTOS = YES_AGGRESSIVE;
				GCC_WARN_UNUSED_FUNCTION = YES;
				GCC_WARN_UNUSED_VARIABLE = YES;
				LOCALIZATION_PREFERS_STRING_CATALOGS = YES;
				MACOSX_DEPLOYMENT_TARGET = 15.0;
				MTL_ENABLE_DEBUG_INFO = NO;
				MTL_FAST_MATH = YES;
				SDKROOT = macosx;
				SWIFT_COMPILATION_MODE = wholemodule;
			};
			name = Release;
		};
		80C436062C7E988C0080E7FD /* Debug */ = {
			isa = XCBuildConfiguration;
			buildSettings = {
				ASSETCATALOG_COMPILER_APPICON_NAME = AppIcon;
				ASSETCATALOG_COMPILER_GLOBAL_ACCENT_COLOR_NAME = AccentColor;
				CODE_SIGN_ENTITLEMENTS = TheTysmsforMac/TheTysmsforMac.entitlements;
				CODE_SIGN_STYLE = Automatic;
				COMBINE_HIDPI_IMAGES = YES;
				CURRENT_PROJECT_VERSION = 1;
				DEVELOPMENT_ASSET_PATHS = "\"TheTysmsforMac/Preview Content\"";
				DEVELOPMENT_TEAM = G383S45TNU;
				ENABLE_HARDENED_RUNTIME = YES;
				ENABLE_PREVIEWS = YES;
				GENERATE_INFOPLIST_FILE = YES;
				INFOPLIST_KEY_NSHumanReadableCopyright = "";
				LD_RUNPATH_SEARCH_PATHS = (
					"$(inherited)",
					"@executable_path/../Frameworks",
				);
				MACOSX_DEPLOYMENT_TARGET = 14.0;
				MARKETING_VERSION = 1.0;
				PRODUCT_BUNDLE_IDENTIFIER = Admin.TheTysmsforMac;
				PRODUCT_NAME = "$(TARGET_NAME)";
				SWIFT_EMIT_LOC_STRINGS = YES;
				SWIFT_VERSION = 5.0;
			};
			name = Debug;
		};
		80C436072C7E988C0080E7FD /* Release */ = {
			isa = XCBuildConfiguration;
			buildSettings = {
				ASSETCATALOG_COMPILER_APPICON_NAME = AppIcon;
				ASSETCATALOG_COMPILER_GLOBAL_ACCENT_COLOR_NAME = AccentColor;
				CODE_SIGN_ENTITLEMENTS = TheTysmsforMac/TheTysmsforMac.entitlements;
				CODE_SIGN_STYLE = Automatic;
				COMBINE_HIDPI_IMAGES = YES;
				CURRENT_PROJECT_VERSION = 1;
				DEVELOPMENT_ASSET_PATHS = "\"TheTysmsforMac/Preview Content\"";
				DEVELOPMENT_TEAM = G383S45TNU;
				ENABLE_HARDENED_RUNTIME = YES;
				ENABLE_PREVIEWS = YES;
				GENERATE_INFOPLIST_FILE = YES;
				INFOPLIST_KEY_NSHumanReadableCopyright = "";
				LD_RUNPATH_SEARCH_PATHS = (
					"$(inherited)",
					"@executable_path/../Frameworks",
				);
				MACOSX_DEPLOYMENT_TARGET = 14.0;
				MARKETING_VERSION = 1.0;
				PRODUCT_BUNDLE_IDENTIFIER = Admin.TheTysmsforMac;
				PRODUCT_NAME = "$(TARGET_NAME)";
				SWIFT_EMIT_LOC_STRINGS = YES;
				SWIFT_VERSION = 5.0;
			};
			name = Release;
		};
		80C436092C7E988C0080E7FD /* Debug */ = {
			isa = XCBuildConfiguration;
			buildSettings = {
				BUNDLE_LOADER = "$(TEST_HOST)";
				CODE_SIGN_STYLE = Automatic;
				CURRENT_PROJECT_VERSION = 1;
				DEVELOPMENT_TEAM = G383S45TNU;
				GENERATE_INFOPLIST_FILE = YES;
				MACOSX_DEPLOYMENT_TARGET = 14.0;
				MARKETING_VERSION = 1.0;
				PRODUCT_BUNDLE_IDENTIFIER = Admin.TheTysmsforMacTests;
				PRODUCT_NAME = "$(TARGET_NAME)";
				SWIFT_EMIT_LOC_STRINGS = NO;
				SWIFT_VERSION = 5.0;
				TEST_HOST = "$(BUILT_PRODUCTS_DIR)/TheTysmsforMac.app/$(BUNDLE_EXECUTABLE_FOLDER_PATH)/TheTysmsforMac";
			};
			name = Debug;
		};
		80C4360A2C7E988C0080E7FD /* Release */ = {
			isa = XCBuildConfiguration;
			buildSettings = {
				BUNDLE_LOADER = "$(TEST_HOST)";
				CODE_SIGN_STYLE = Automatic;
				CURRENT_PROJECT_VERSION = 1;
				DEVELOPMENT_TEAM = G383S45TNU;
				GENERATE_INFOPLIST_FILE = YES;
				MACOSX_DEPLOYMENT_TARGET = 14.0;
				MARKETING_VERSION = 1.0;
				PRODUCT_BUNDLE_IDENTIFIER = Admin.TheTysmsforMacTests;
				PRODUCT_NAME = "$(TARGET_NAME)";
				SWIFT_EMIT_LOC_STRINGS = NO;
				SWIFT_VERSION = 5.0;
				TEST_HOST = "$(BUILT_PRODUCTS_DIR)/TheTysmsforMac.app/$(BUNDLE_EXECUTABLE_FOLDER_PATH)/TheTysmsforMac";
			};
			name = Release;
		};
		80C4360C2C7E988C0080E7FD /* Debug */ = {
			isa = XCBuildConfiguration;
			buildSettings = {
				CODE_SIGN_STYLE = Automatic;
				CURRENT_PROJECT_VERSION = 1;
				DEVELOPMENT_TEAM = G383S45TNU;
				GENERATE_INFOPLIST_FILE = YES;
				MARKETING_VERSION = 1.0;
				PRODUCT_BUNDLE_IDENTIFIER = Admin.TheTysmsforMacUITests;
				PRODUCT_NAME = "$(TARGET_NAME)";
				SWIFT_EMIT_LOC_STRINGS = NO;
				SWIFT_VERSION = 5.0;
				TEST_TARGET_NAME = TheTysmsforMac;
			};
			name = Debug;
		};
		80C4360D2C7E988C0080E7FD /* Release */ = {
			isa = XCBuildConfiguration;
			buildSettings = {
				CODE_SIGN_STYLE = Automatic;
				CURRENT_PROJECT_VERSION = 1;
				DEVELOPMENT_TEAM = G383S45TNU;
				GENERATE_INFOPLIST_FILE = YES;
				MARKETING_VERSION = 1.0;
				PRODUCT_BUNDLE_IDENTIFIER = Admin.TheTysmsforMacUITests;
				PRODUCT_NAME = "$(TARGET_NAME)";
				SWIFT_EMIT_LOC_STRINGS = NO;
				SWIFT_VERSION = 5.0;
				TEST_TARGET_NAME = TheTysmsforMac;
			};
			name = Release;
		};
/* End XCBuildConfiguration section */

/* Begin XCConfigurationList section */
		80C435D92C7E988A0080E7FD /* Build configuration list for PBXProject "TheTysmsforMac" */ = {
			isa = XCConfigurationList;
			buildConfigurations = (
				80C436032C7E988C0080E7FD /* Debug */,
				80C436042C7E988C0080E7FD /* Release */,
			);
			defaultConfigurationIsVisible = 0;
			defaultConfigurationName = Release;
		};
		80C436052C7E988C0080E7FD /* Build configuration list for PBXNativeTarget "TheTysmsforMac" */ = {
			isa = XCConfigurationList;
			buildConfigurations = (
				80C436062C7E988C0080E7FD /* Debug */,
				80C436072C7E988C0080E7FD /* Release */,
			);
			defaultConfigurationIsVisible = 0;
			defaultConfigurationName = Release;
		};
		80C436082C7E988C0080E7FD /* Build configuration list for PBXNativeTarget "TheTysmsforMacTests" */ = {
			isa = XCConfigurationList;
			buildConfigurations = (
				80C436092C7E988C0080E7FD /* Debug */,
				80C4360A2C7E988C0080E7FD /* Release */,
			);
			defaultConfigurationIsVisible = 0;
			defaultConfigurationName = Release;
		};
		80C4360B2C7E988C0080E7FD /* Build configuration list for PBXNativeTarget "TheTysmsforMacUITests" */ = {
			isa = XCConfigurationList;
			buildConfigurations = (
				80C4360C2C7E988C0080E7FD /* Debug */,
				80C4360D2C7E988C0080E7FD /* Release */,
			);
			defaultConfigurationIsVisible = 0;
			defaultConfigurationName = Release;
		};
/* End XCConfigurationList section */

/* Begin XCRemoteSwiftPackageReference section */
		80C4360E2C7E9AA30080E7FD /* XCRemoteSwiftPackageReference "firebase-ios-sdk" */ = {
			isa = XCRemoteSwiftPackageReference;
			repositoryURL = "https://github.com/firebase/firebase-ios-sdk.git";
			requirement = {
				kind = upToNextMajorVersion;
				minimumVersion = 11.1.0;
			};
		};
/* End XCRemoteSwiftPackageReference section */

/* Begin XCSwiftPackageProductDependency section */
		80C4360F2C7E9AA30080E7FD /* FirebaseAuth */ = {
			isa = XCSwiftPackageProductDependency;
			package = 80C4360E2C7E9AA30080E7FD /* XCRemoteSwiftPackageReference "firebase-ios-sdk" */;
			productName = FirebaseAuth;
		};
		80C436112C7E9AA30080E7FD /* FirebaseDatabase */ = {
			isa = XCSwiftPackageProductDependency;
			package = 80C4360E2C7E9AA30080E7FD /* XCRemoteSwiftPackageReference "firebase-ios-sdk" */;
			productName = FirebaseDatabase;
		};
		80C436132C7E9AA30080E7FD /* FirebaseFirestore */ = {
			isa = XCSwiftPackageProductDependency;
			package = 80C4360E2C7E9AA30080E7FD /* XCRemoteSwiftPackageReference "firebase-ios-sdk" */;
			productName = FirebaseFirestore;
		};
/* End XCSwiftPackageProductDependency section */
	};
	rootObject = 80C435D62C7E988A0080E7FD /* Project object */;
}
